
Microsoft Visual Studio Solution File, Format Version 12.00
# Visual Studio Version 17
VisualStudioVersion = 17.0.31903.59
MinimumVisualStudioVersion = 10.0.40219.1
Project("{2150E333-8FDC-42A3-9474-1A3956D46DE8}") = "src", "src", "{827E0CD3-B72D-47B6-A68D-7590B98EB39B}"
EndProject
Project("{FAE04EC0-301F-11D3-BF4B-00C04F79EFBC}") = "TelegramBotFramework", "src\TelegramBotFramework\TelegramBotFramework.csproj", "{E8AE4010-4081-4646-8A9D-80DE0F4913F5}"
EndProject
Project("{2150E333-8FDC-42A3-9474-1A3956D46DE8}") = "tests", "tests", "{3F8A5B21-C6D4-4E78-AF01-234567890ABC}"
EndProject
Project("{FAE04EC0-301F-11D3-BF4B-00C04F79EFBC}") = "telegram-bot-framework-dotnet.Tests", "tests\telegram-bot-framework-dotnet.Tests\telegram-bot-framework-dotnet.Tests.csproj", "{4A9B6C32-D7E5-4F89-B012-34567890BCDE}"
EndProject
Project("{2150E333-8FDC-42A3-9474-1A3956D46DE8}") = "benchmarks", "benchmarks", "{66320409-64EC-F7C5-3DEF-65E7510DAAD1}"
EndProject
Project("{FAE04EC0-301F-11D3-BF4B-00C04F79EFBC}") = "telegram-bot-framework-dotnet.Benchmarks", "benchmarks\telegram-bot-framework-dotnet.Benchmarks\telegram-bot-framework-dotnet.Benchmarks.csproj", "{614CAB79-4931-4D49-A926-D17C3F8322FE}"
EndProject
Global
	GlobalSection(SolutionConfigurationPlatforms) = preSolution
		Debug|Any CPU = Debug|Any CPU
		Debug|x64 = Debug|x64
		Debug|x86 = Debug|x86
		Release|Any CPU = Release|Any CPU
		Release|x64 = Release|x64
		Release|x86 = Release|x86
	EndGlobalSection
	GlobalSection(ProjectConfigurationPlatforms) = postSolution
		{E8AE4010-4081-4646-8A9D-80DE0F4913F5}.Debug|Any CPU.ActiveCfg = Debug|Any CPU
		{E8AE4010-4081-4646-8A9D-80DE0F4913F5}.Debug|Any CPU.Build.0 = Debug|Any CPU
		{E8AE4010-4081-4646-8A9D-80DE0F4913F5}.Debug|x64.ActiveCfg = Debug|Any CPU
		{E8AE4010-4081-4646-8A9D-80DE0F4913F5}.Debug|x64.Build.0 = Debug|Any CPU
		{E8AE4010-4081-4646-8A9D-80DE0F4913F5}.Debug|x86.ActiveCfg = Debug|Any CPU
		{E8AE4010-4081-4646-8A9D-80DE0F4913F5}.Debug|x86.Build.0 = Debug|Any CPU
		{E8AE4010-4081-4646-8A9D-80DE0F4913F5}.Release|Any CPU.ActiveCfg = Release|Any CPU
		{E8AE4010-4081-4646-8A9D-80DE0F4913F5}.Release|Any CPU.Build.0 = Release|Any CPU
		{E8AE4010-4081-4646-8A9D-80DE0F4913F5}.Release|x64.ActiveCfg = Release|Any CPU
		{E8AE4010-4081-4646-8A9D-80DE0F4913F5}.Release|x64.Build.0 = Release|Any CPU
		{E8AE4010-4081-4646-8A9D-80DE0F4913F5}.Release|x86.ActiveCfg = Release|Any CPU
		{E8AE4010-4081-4646-8A9D-80DE0F4913F5}.Release|x86.Build.0 = Release|Any CPU
		{4A9B6C32-D7E5-4F89-B012-34567890BCDE}.Debug|Any CPU.ActiveCfg = Debug|Any CPU
		{4A9B6C32-D7E5-4F89-B012-34567890BCDE}.Debug|Any CPU.Build.0 = Debug|Any CPU
		{4A9B6C32-D7E5-4F89-B012-34567890BCDE}.Debug|x64.ActiveCfg = Debug|Any CPU
		{4A9B6C32-D7E5-4F89-B012-34567890BCDE}.Debug|x64.Build.0 = Debug|Any CPU
		{4A9B6C32-D7E5-4F89-B012-34567890BCDE}.Debug|x86.ActiveCfg = Debug|Any CPU
		{4A9B6C32-D7E5-4F89-B012-34567890BCDE}.Debug|x86.Build.0 = Debug|Any CPU
		{4A9B6C32-D7E5-4F89-B012-34567890BCDE}.Release|Any CPU.ActiveCfg = Release|Any CPU
		{4A9B6C32-D7E5-4F89-B012-34567890BCDE}.Release|Any CPU.Build.0 = Release|Any CPU
		{4A9B6C32-D7E5-4F89-B012-34567890BCDE}.Release|x64.ActiveCfg = Release|Any CPU
		{4A9B6C32-D7E5-4F89-B012-34567890BCDE}.Release|x64.Build.0 = Release|Any CPU
		{4A9B6C32-D7E5-4F89-B012-34567890BCDE}.Release|x86.ActiveCfg = Release|Any CPU
		{4A9B6C32-D7E5-4F89-B012-34567890BCDE}.Release|x86.Build.0 = Release|Any CPU
		{614CAB79-4931-4D49-A926-D17C3F8322FE}.Debug|Any CPU.ActiveCfg = Debug|Any CPU
		{614CAB79-4931-4D49-A926-D17C3F8322FE}.Debug|Any CPU.Build.0 = Debug|Any CPU
		{614CAB79-4931-4D49-A926-D17C3F8322FE}.Debug|x64.ActiveCfg = Debug|Any CPU
		{614CAB79-4931-4D49-A926-D17C3F8322FE}.Debug|x64.Build.0 = Debug|Any CPU
		{614CAB79-4931-4D49-A926-D17C3F8322FE}.Debug|x86.ActiveCfg = Debug|Any CPU
		{614CAB79-4931-4D49-A926-D17C3F8322FE}.Debug|x86.Build.0 = Debug|Any CPU
		{614CAB79-4931-4D49-A926-D17C3F8322FE}.Release|Any CPU.ActiveCfg = Release|Any CPU
		{614CAB79-4931-4D49-A926-D17C3F8322FE}.Release|Any CPU.Build.0 = Release|Any CPU
		{614CAB79-4931-4D49-A926-D17C3F8322FE}.Release|x64.ActiveCfg = Release|Any CPU
		{614CAB79-4931-4D49-A926-D17C3F8322FE}.Release|x64.Build.0 = Release|Any CPU
		{614CAB79-4931-4D49-A926-D17C3F8322FE}.Release|x86.ActiveCfg = Release|Any CPU
		{614CAB79-4931-4D49-A926-D17C3F8322FE}.Release|x86.Build.0 = Release|Any CPU
	EndGlobalSection
	GlobalSection(SolutionProperties) = preSolution
		HideSolutionNode = FALSE
	EndGlobalSection
	GlobalSection(NestedProjects) = preSolution
		{E8AE4010-4081-4646-8A9D-80DE0F4913F5} = {827E0CD3-B72D-47B6-A68D-7590B98EB39B}
		{4A9B6C32-D7E5-4F89-B012-34567890BCDE} = {3F8A5B21-C6D4-4E78-AF01-234567890ABC}
		{614CAB79-4931-4D49-A926-D17C3F8322FE} = {66320409-64EC-F7C5-3DEF-65E7510DAAD1}
	EndGlobalSection
EndGlobal
